
Microsoft Visual Studio Solution File, Format Version 12.00
# Visual Studio Version 17
VisualStudioVersion = 17.9.34622.214
MinimumVisualStudioVersion = 10.0.40219.1
Project("{FAE04EC0-301F-11D3-BF4B-00C04F79EFBC}") = "Aguiar-Robalino-Robayo_EjercicioCF", "Aguiar-Robalino-Robayo_EjercicioCF\Aguiar-Robalino-Robayo_EjercicioCF.csproj", "{6E61475F-6768-4DF1-83DE-154DB367464A}"
EndProject
Global
	GlobalSection(SolutionConfigurationPlatforms) = preSolution
		Debug|Any CPU = Debug|Any CPU
		Release|Any CPU = Release|Any CPU
	EndGlobalSection
	GlobalSection(ProjectConfigurationPlatforms) = postSolution
		{6E61475F-6768-4DF1-83DE-154DB367464A}.Debug|Any CPU.ActiveCfg = Debug|Any CPU
		{6E61475F-6768-4DF1-83DE-154DB367464A}.Debug|Any CPU.Build.0 = Debug|Any CPU
		{6E61475F-6768-4DF1-83DE-154DB367464A}.Release|Any CPU.ActiveCfg = Release|Any CPU
		{6E61475F-6768-4DF1-83DE-154DB367464A}.Release|Any CPU.Build.0 = Release|Any CPU
	EndGlobalSection
	GlobalSection(SolutionProperties) = preSolution
		HideSolutionNode = FALSE
	EndGlobalSection
	GlobalSection(ExtensibilityGlobals) = postSolution
		SolutionGuid = {22964CC4-15A3-4442-B158-8AD4ABA3E844}
	EndGlobalSection
EndGlobal
